
Microsoft Visual Studio Solution File, Format Version 12.00
# Visual Studio Version 17
VisualStudioVersion = 17.0.31919.166
MinimumVisualStudioVersion = 10.0.40219.1
Project("{FAE04EC0-301F-11D3-BF4B-00C04F79EFBC}") = "bjj", "bjj\bjj.csproj", "{C5260C1C-EB7E-4E61-B7DE-79E0829D0437}"
EndProject
Global
	GlobalSection(SolutionConfigurationPlatforms) = preSolution
		Debug|Any CPU = Debug|Any CPU
		Release|Any CPU = Release|Any CPU
	EndGlobalSection
	GlobalSection(ProjectConfigurationPlatforms) = postSolution
		{C5260C1C-EB7E-4E61-B7DE-79E0829D0437}.Debug|Any CPU.ActiveCfg = Debug|Any CPU
		{C5260C1C-EB7E-4E61-B7DE-79E0829D0437}.Debug|Any CPU.Build.0 = Debug|Any CPU
		{C5260C1C-EB7E-4E61-B7DE-79E0829D0437}.Release|Any CPU.ActiveCfg = Release|Any CPU
		{C5260C1C-EB7E-4E61-B7DE-79E0829D0437}.Release|Any CPU.Build.0 = Release|Any CPU
	EndGlobalSection
	GlobalSection(SolutionProperties) = preSolution
		HideSolutionNode = FALSE
	EndGlobalSection
	GlobalSection(ExtensibilityGlobals) = postSolution
		SolutionGuid = {4D695F69-1923-49C4-B50A-C61E49BE7AEB}
	EndGlobalSection
EndGlobal
